// !$*UTF8*$!
{
	archiveVersion = 1;
	classes = {
	};
	objectVersion = 50;
	objects = {

/* Begin PBXBuildFile section */
		F83F506E24E81CA90071C42D /* AppDelegate.swift in Sources */ = {isa = PBXBuildFile; fileRef = F83F506D24E81CA90071C42D /* AppDelegate.swift */; };
		F83F507024E81CA90071C42D /* SceneDelegate.swift in Sources */ = {isa = PBXBuildFile; fileRef = F83F506F24E81CA90071C42D /* SceneDelegate.swift */; };
		F83F507224E81CA90071C42D /* ViewController.swift in Sources */ = {isa = PBXBuildFile; fileRef = F83F507124E81CA90071C42D /* ViewController.swift */; };
		F83F507524E81CA90071C42D /* Main.storyboard in Resources */ = {isa = PBXBuildFile; fileRef = F83F507324E81CA90071C42D /* Main.storyboard */; };
		F83F507724E81CAB0071C42D /* Assets.xcassets in Resources */ = {isa = PBXBuildFile; fileRef = F83F507624E81CAB0071C42D /* Assets.xcassets */; };
		F83F507A24E81CAB0071C42D /* LaunchScreen.storyboard in Resources */ = {isa = PBXBuildFile; fileRef = F83F507824E81CAB0071C42D /* LaunchScreen.storyboard */; };
		F83F508324E81CBF0071C42D /* Vision.framework in Frameworks */ = {isa = PBXBuildFile; fileRef = F83F508224E81CBF0071C42D /* Vision.framework */; };
		F83F508524E81CC70071C42D /* CoreImage.framework in Frameworks */ = {isa = PBXBuildFile; fileRef = F83F508424E81CC70071C42D /* CoreImage.framework */; };
		F83F508C24E81FB30071C42D /* IMG_2918.jpg in Resources */ = {isa = PBXBuildFile; fileRef = F83F508A24E81FB20071C42D /* IMG_2918.jpg */; };
		F83F508D24E81FB30071C42D /* IMG_2919.jpg in Resources */ = {isa = PBXBuildFile; fileRef = F83F508B24E81FB30071C42D /* IMG_2919.jpg */; };
/* End PBXBuildFile section */

/* Begin PBXFileReference section */
		F83F506A24E81CA90071C42D /* HomographySample.app */ = {isa = PBXFileReference; explicitFileType = wrapper.application; includeInIndex = 0; path = HomographySample.app; sourceTree = BUILT_PRODUCTS_DIR; };
		F83F506D24E81CA90071C42D /* AppDelegate.swift */ = {isa = PBXFileReference; lastKnownFileType = sourcecode.swift; path = AppDelegate.swift; sourceTree = "<group>"; };
		F83F506F24E81CA90071C42D /* SceneDelegate.swift */ = {isa = PBXFileReference; lastKnownFileType = sourcecode.swift; path = SceneDelegate.swift; sourceTree = "<group>"; };
		F83F507124E81CA90071C42D /* ViewController.swift */ = {isa = PBXFileReference; lastKnownFileType = sourcecode.swift; path = ViewController.swift; sourceTree = "<group>"; };
		F83F507424E81CA90071C42D /* Base */ = {isa = PBXFileReference; lastKnownFileType = file.storyboard; name = Base; path = Base.lproj/Main.storyboard; sourceTree = "<group>"; };
		F83F507624E81CAB0071C42D /* Assets.xcassets */ = {isa = PBXFileReference; lastKnownFileType = folder.assetcatalog; path = Assets.xcassets; sourceTree = "<group>"; };
		F83F507924E81CAB0071C42D /* Base */ = {isa = PBXFileReference; lastKnownFileType = file.storyboard; name = Base; path = Base.lproj/LaunchScreen.storyboard; sourceTree = "<group>"; };
		F83F507B24E81CAB0071C42D /* Info.plist */ = {isa = PBXFileReference; lastKnownFileType = text.plist.xml; path = Info.plist; sourceTree = "<group>"; };
		F83F508224E81CBF0071C42D /* Vision.framework */ = {isa = PBXFileReference; lastKnownFileType = wrapper.framework; name = Vision.framework; path = System/Library/Frameworks/Vision.framework; sourceTree = SDKROOT; };
		F83F508424E81CC70071C42D /* CoreImage.framework */ = {isa = PBXFileReference; lastKnownFileType = wrapper.framework; name = CoreImage.framework; path = System/Library/Frameworks/CoreImage.framework; sourceTree = SDKROOT; };
		F83F508A24E81FB20071C42D /* IMG_2918.jpg */ = {isa = PBXFileReference; lastKnownFileType = image.jpeg; path = IMG_2918.jpg; sourceTree = "<group>"; };
		F83F508B24E81FB30071C42D /* IMG_2919.jpg */ = {isa = PBXFileReference; lastKnownFileType = image.jpeg; path = IMG_2919.jpg; sourceTree = "<group>"; };
/* End PBXFileReference section */

/* Begin PBXFrameworksBuildPhase section */
		F83F506724E81CA90071C42D /* Frameworks */ = {
			isa = PBXFrameworksBuildPhase;
			buildActionMask = 2147483647;
			files = (
				F83F508324E81CBF0071C42D /* Vision.framework in Frameworks */,
				F83F508524E81CC70071C42D /* CoreImage.framework in Frameworks */,
			);
			runOnlyForDeploymentPostprocessing = 0;
		};
/* End PBXFrameworksBuildPhase section */

/* Begin PBXGroup section */
		F83F506124E81CA90071C42D = {
			isa = PBXGroup;
			children = (
				F83F506C24E81CA90071C42D /* HomographySample */,
				F83F506B24E81CA90071C42D /* Products */,
				F83F508124E81CBF0071C42D /* Frameworks */,
			);
			sourceTree = "<group>";
		};
		F83F506B24E81CA90071C42D /* Products */ = {
			isa = PBXGroup;
			children = (
				F83F506A24E81CA90071C42D /* HomographySample.app */,
			);
			name = Products;
			sourceTree = "<group>";
		};
		F83F506C24E81CA90071C42D /* HomographySample */ = {
			isa = PBXGroup;
			children = (
				F83F508A24E81FB20071C42D /* IMG_2918.jpg */,
				F83F508B24E81FB30071C42D /* IMG_2919.jpg */,
				F83F506D24E81CA90071C42D /* AppDelegate.swift */,
				F83F506F24E81CA90071C42D /* SceneDelegate.swift */,
				F83F507124E81CA90071C42D /* ViewController.swift */,
				F83F507324E81CA90071C42D /* Main.storyboard */,
				F83F507624E81CAB0071C42D /* Assets.xcassets */,
				F83F507824E81CAB0071C42D /* LaunchScreen.storyboard */,
				F83F507B24E81CAB0071C42D /* Info.plist */,
			);
			path = HomographySample;
			sourceTree = "<group>";
		};
		F83F508124E81CBF0071C42D /* Frameworks */ = {
			isa = PBXGroup;
			children = (
				F83F508424E81CC70071C42D /* CoreImage.framework */,
				F83F508224E81CBF0071C42D /* Vision.framework */,
			);
			name = Frameworks;
			sourceTree = "<group>";
		};
/* End PBXGroup section */

/* Begin PBXNativeTarget section */
		F83F506924E81CA90071C42D /* HomographySample */ = {
			isa = PBXNativeTarget;
			buildConfigurationList = F83F507E24E81CAB0071C42D /* Build configuration list for PBXNativeTarget "HomographySample" */;
			buildPhases = (
				F83F506624E81CA90071C42D /* Sources */,
				F83F506724E81CA90071C42D /* Frameworks */,
				F83F506824E81CA90071C42D /* Resources */,
			);
			buildRules = (
			);
			dependencies = (
			);
			name = HomographySample;
			productName = HomographySample;
			productReference = F83F506A24E81CA90071C42D /* HomographySample.app */;
			productType = "com.apple.product-type.application";
		};
/* End PBXNativeTarget section */

/* Begin PBXProject section */
		F83F506224E81CA90071C42D /* Project object */ = {
			isa = PBXProject;
			attributes = {
				LastSwiftUpdateCheck = 1160;
				LastUpgradeCheck = 1160;
				ORGANIZATIONNAME = Freelance;
				TargetAttributes = {
					F83F506924E81CA90071C42D = {
						CreatedOnToolsVersion = 11.6;
					};
				};
			};
			buildConfigurationList = F83F506524E81CA90071C42D /* Build configuration list for PBXProject "HomographySample" */;
			compatibilityVersion = "Xcode 9.3";
			developmentRegion = en;
			hasScannedForEncodings = 0;
			knownRegions = (
				en,
				Base,
			);
			mainGroup = F83F506124E81CA90071C42D;
			productRefGroup = F83F506B24E81CA90071C42D /* Products */;
			projectDirPath = "";
			projectRoot = "";
			targets = (
				F83F506924E81CA90071C42D /* HomographySample */,
			);
		};
/* End PBXProject section */

/* Begin PBXResourcesBuildPhase section */
		F83F506824E81CA90071C42D /* Resources */ = {
			isa = PBXResourcesBuildPhase;
			buildActionMask = 2147483647;
			files = (
				F83F508D24E81FB30071C42D /* IMG_2919.jpg in Resources */,
				F83F507A24E81CAB0071C42D /* LaunchScreen.storyboard in Resources */,
				F83F507724E81CAB0071C42D /* Assets.xcassets in Resources */,
				F83F507524E81CA90071C42D /* Main.storyboard in Resources */,
				F83F508C24E81FB30071C42D /* IMG_2918.jpg in Resources */,
			);
			runOnlyForDeploymentPostprocessing = 0;
		};
/* End PBXResourcesBuildPhase section */

/* Begin PBXSourcesBuildPhase section */
		F83F506624E81CA90071C42D /* Sources */ = {
			isa = PBXSourcesBuildPhase;
			buildActionMask = 2147483647;
			files = (
				F83F507224E81CA90071C42D /* ViewController.swift in Sources */,
				F83F506E24E81CA90071C42D /* AppDelegate.swift in Sources */,
				F83F507024E81CA90071C42D /* SceneDelegate.swift in Sources */,
			);
			runOnlyForDeploymentPostprocessing = 0;
		};
/* End PBXSourcesBuildPhase section */

/* Begin PBXVariantGroup section */
		F83F507324E81CA90071C42D /* Main.storyboard */ = {
			isa = PBXVariantGroup;
			children = (
				F83F507424E81CA90071C42D /* Base */,
			);
			name = Main.storyboard;
			sourceTree = "<group>";
		};
		F83F507824E81CAB0071C42D /* LaunchScreen.storyboard */ = {
			isa = PBXVariantGroup;
			children = (
				F83F507924E81CAB0071C42D /* Base */,
			);
			name = LaunchScreen.storyboard;
			sourceTree = "<group>";
		};
/* End PBXVariantGroup section */

/* Begin XCBuildConfiguration section */
		F83F507C24E81CAB0071C42D /* Debug */ = {
			isa = XCBuildConfiguration;
			buildSettings = {
				ALWAYS_SEARCH_USER_PATHS = NO;
				CLANG_ANALYZER_NONNULL = YES;
				CLANG_ANALYZER_NUMBER_OBJECT_CONVERSION = YES_AGGRESSIVE;
				CLANG_CXX_LANGUAGE_STANDARD = "gnu++14";
				CLANG_CXX_LIBRARY = "libc++";
				CLANG_ENABLE_MODULES = YES;
				CLANG_ENABLE_OBJC_ARC = YES;
				CLANG_ENABLE_OBJC_WEAK = YES;
				CLANG_WARN_BLOCK_CAPTURE_AUTORELEASING = YES;
				CLANG_WARN_BOOL_CONVERSION = YES;
				CLANG_WARN_COMMA = YES;
				CLANG_WARN_CONSTANT_CONVERSION = YES;
				CLANG_WARN_DEPRECATED_OBJC_IMPLEMENTATIONS = YES;
				CLANG_WARN_DIRECT_OBJC_ISA_USAGE = YES_ERROR;
				CLANG_WARN_DOCUMENTATION_COMMENTS = YES;
				CLANG_WARN_EMPTY_BODY = YES;
				CLANG_WARN_ENUM_CONVERSION = YES;
				CLANG_WARN_INFINITE_RECURSION = YES;
				CLANG_WARN_INT_CONVERSION = YES;
				CLANG_WARN_NON_LITERAL_NULL_CONVERSION = YES;
				CLANG_WARN_OBJC_IMPLICIT_RETAIN_SELF = YES;
				CLANG_WARN_OBJC_LITERAL_CONVERSION = YES;
				CLANG_WARN_OBJC_ROOT_CLASS = YES_ERROR;
				CLANG_WARN_RANGE_LOOP_ANALYSIS = YES;
				CLANG_WARN_STRICT_PROTOTYPES = YES;
				CLANG_WARN_SUSPICIOUS_MOVE = YES;
				CLANG_WARN_UNGUARDED_AVAILABILITY = YES_AGGRESSIVE;
				CLANG_WARN_UNREACHABLE_CODE = YES;
				CLANG_WARN__DUPLICATE_METHOD_MATCH = YES;
				COPY_PHASE_STRIP = NO;
				DEBUG_INFORMATION_FORMAT = dwarf;
				ENABLE_STRICT_OBJC_MSGSEND = YES;
				ENABLE_TESTABILITY = YES;
				GCC_C_LANGUAGE_STANDARD = gnu11;
				GCC_DYNAMIC_NO_PIC = NO;
				GCC_NO_COMMON_BLOCKS = YES;
				GCC_OPTIMIZATION_LEVEL = 0;
				GCC_PREPROCESSOR_DEFINITIONS = (
					"DEBUG=1",
					"$(inherited)",
				);
				GCC_WARN_64_TO_32_BIT_CONVERSION = YES;
				GCC_WARN_ABOUT_RETURN_TYPE = YES_ERROR;
				GCC_WARN_UNDECLARED_SELECTOR = YES;
				GCC_WARN_UNINITIALIZED_AUTOS = YES_AGGRESSIVE;
				GCC_WARN_UNUSED_FUNCTION = YES;
				GCC_WARN_UNUSED_VARIABLE = YES;
				IPHONEOS_DEPLOYMENT_TARGET = 13.6;
				MTL_ENABLE_DEBUG_INFO = INCLUDE_SOURCE;
				MTL_FAST_MATH = YES;
				ONLY_ACTIVE_ARCH = YES;
				SDKROOT = iphoneos;
				SWIFT_ACTIVE_COMPILATION_CONDITIONS = DEBUG;
				SWIFT_OPTIMIZATION_LEVEL = "-Onone";
			};
			name = Debug;
		};
		F83F507D24E81CAB0071C42D /* Release */ = {
			isa = XCBuildConfiguration;
			buildSettings = {
				ALWAYS_SEARCH_USER_PATHS = NO;
				CLANG_ANALYZER_NONNULL = YES;
				CLANG_ANALYZER_NUMBER_OBJECT_CONVERSION = YES_AGGRESSIVE;
				CLANG_CXX_LANGUAGE_STANDARD = "gnu++14";
				CLANG_CXX_LIBRARY = "libc++";
				CLANG_ENABLE_MODULES = YES;
				CLANG_ENABLE_OBJC_ARC = YES;
				CLANG_ENABLE_OBJC_WEAK = YES;
				CLANG_WARN_BLOCK_CAPTURE_AUTORELEASING = YES;
				CLANG_WARN_BOOL_CONVERSION = YES;
				CLANG_WARN_COMMA = YES;
				CLANG_WARN_CONSTANT_CONVERSION = YES;
				CLANG_WARN_DEPRECATED_OBJC_IMPLEMENTATIONS = YES;
				CLANG_WARN_DIRECT_OBJC_ISA_USAGE = YES_ERROR;
				CLANG_WARN_DOCUMENTATION_COMMENTS = YES;
				CLANG_WARN_EMPTY_BODY = YES;
				CLANG_WARN_ENUM_CONVERSION = YES;
				CLANG_WARN_INFINITE_RECURSION = YES;
				CLANG_WARN_INT_CONVERSION = YES;
				CLANG_WARN_NON_LITERAL_NULL_CONVERSION = YES;
				CLANG_WARN_OBJC_IMPLICIT_RETAIN_SELF = YES;
				CLANG_WARN_OBJC_LITERAL_CONVERSION = YES;
				CLANG_WARN_OBJC_ROOT_CLASS = YES_ERROR;
				CLANG_WARN_RANGE_LOOP_ANALYSIS = YES;
				CLANG_WARN_STRICT_PROTOTYPES = YES;
				CLANG_WARN_SUSPICIOUS_MOVE = YES;
				CLANG_WARN_UNGUARDED_AVAILABILITY = YES_AGGRESSIVE;
				CLANG_WARN_UNREACHABLE_CODE = YES;
				CLANG_WARN__DUPLICATE_METHOD_MATCH = YES;
				COPY_PHASE_STRIP = NO;
				DEBUG_INFORMATION_FORMAT = "dwarf-with-dsym";
				ENABLE_NS_ASSERTIONS = NO;
				ENABLE_STRICT_OBJC_MSGSEND = YES;
				GCC_C_LANGUAGE_STANDARD = gnu11;
				GCC_NO_COMMON_BLOCKS = YES;
				GCC_WARN_64_TO_32_BIT_CONVERSION = YES;
				GCC_WARN_ABOUT_RETURN_TYPE = YES_ERROR;
				GCC_WARN_UNDECLARED_SELECTOR = YES;
				GCC_WARN_UNINITIALIZED_AUTOS = YES_AGGRESSIVE;
				GCC_WARN_UNUSED_FUNCTION = YES;
				GCC_WARN_UNUSED_VARIABLE = YES;
				IPHONEOS_DEPLOYMENT_TARGET = 13.6;
				MTL_ENABLE_DEBUG_INFO = NO;
				MTL_FAST_MATH = YES;
				SDKROOT = iphoneos;
				SWIFT_COMPILATION_MODE = wholemodule;
				SWIFT_OPTIMIZATION_LEVEL = "-O";
				VALIDATE_PRODUCT = YES;
			};
			name = Release;
		};
		F83F507F24E81CAB0071C42D /* Debug */ = {
			isa = XCBuildConfiguration;
			buildSettings = {
				ASSETCATALOG_COMPILER_APPICON_NAME = AppIcon;
				CODE_SIGN_STYLE = Automatic;
				DEVELOPMENT_TEAM = M9G3QXE93A;
				INFOPLIST_FILE = HomographySample/Info.plist;
				IPHONEOS_DEPLOYMENT_TARGET = 13.0;
				LD_RUNPATH_SEARCH_PATHS = (
					"$(inherited)",
					"@executable_path/Frameworks",
				);
				PRODUCT_BUNDLE_IDENTIFIER = com.geeta.HomographySample;
				PRODUCT_NAME = "$(TARGET_NAME)";
				SWIFT_VERSION = 5.0;
				TARGETED_DEVICE_FAMILY = "1,2";
			};
			name = Debug;
		};
		F83F508024E81CAB0071C42D /* Release */ = {
			isa = XCBuildConfiguration;
			buildSettings = {
				ASSETCATALOG_COMPILER_APPICON_NAME = AppIcon;
				CODE_SIGN_STYLE = Automatic;
				DEVELOPMENT_TEAM = M9G3QXE93A;
				INFOPLIST_FILE = HomographySample/Info.plist;
				IPHONEOS_DEPLOYMENT_TARGET = 13.0;
				LD_RUNPATH_SEARCH_PATHS = (
					"$(inherited)",
					"@executable_path/Frameworks",
				);
				PRODUCT_BUNDLE_IDENTIFIER = com.geeta.HomographySample;
				PRODUCT_NAME = "$(TARGET_NAME)";
				SWIFT_VERSION = 5.0;
				TARGETED_DEVICE_FAMILY = "1,2";
			};
			name = Release;
		};
/* End XCBuildConfiguration section */

/* Begin XCConfigurationList section */
		F83F506524E81CA90071C42D /* Build configuration list for PBXProject "HomographySample" */ = {
			isa = XCConfigurationList;
			buildConfigurations = (
				F83F507C24E81CAB0071C42D /* Debug */,
				F83F507D24E81CAB0071C42D /* Release */,
			);
			defaultConfigurationIsVisible = 0;
			defaultConfigurationName = Release;
		};
		F83F507E24E81CAB0071C42D /* Build configuration list for PBXNativeTarget "HomographySample" */ = {
			isa = XCConfigurationList;
			buildConfigurations = (
				F83F507F24E81CAB0071C42D /* Debug */,
				F83F508024E81CAB0071C42D /* Release */,
			);
			defaultConfigurationIsVisible = 0;
			defaultConfigurationName = Release;
		};
/* End XCConfigurationList section */
	};
	rootObject = F83F506224E81CA90071C42D /* Project object */;
}
